
Microsoft Visual Studio Solution File, Format Version 12.00
# Visual Studio Version 16
VisualStudioVersion = 16.0.30621.155
MinimumVisualStudioVersion = 10.0.40219.1
Project("{FAE04EC0-301F-11D3-BF4B-00C04F79EFBC}") = "cw1", "cw1\cw1.csproj", "{9F7E2A68-EA5E-4756-A297-42687922E59A}"
EndProject
Global
	GlobalSection(SolutionConfigurationPlatforms) = preSolution
		Debug|Any CPU = Debug|Any CPU
		Release|Any CPU = Release|Any CPU
	EndGlobalSection
	GlobalSection(ProjectConfigurationPlatforms) = postSolution
		{9F7E2A68-EA5E-4756-A297-42687922E59A}.Debug|Any CPU.ActiveCfg = Debug|Any CPU
		{9F7E2A68-EA5E-4756-A297-42687922E59A}.Debug|Any CPU.Build.0 = Debug|Any CPU
		{9F7E2A68-EA5E-4756-A297-42687922E59A}.Release|Any CPU.ActiveCfg = Release|Any CPU
		{9F7E2A68-EA5E-4756-A297-42687922E59A}.Release|Any CPU.Build.0 = Release|Any CPU
	EndGlobalSection
	GlobalSection(SolutionProperties) = preSolution
		HideSolutionNode = FALSE
	EndGlobalSection
	GlobalSection(ExtensibilityGlobals) = postSolution
		SolutionGuid = {75585B05-64F2-428E-B149-021639EC6EDF}
	EndGlobalSection
EndGlobal
